{
    "name": "sparser",
    "version": "1.4.12",
    "lockfileVersion": 1,
    "requires": true,
    "dependencies": {
        "@types/node": {
            "version": "12.7.1",
            "resolved": "https://registry.npmjs.org/@types/node/-/node-12.7.1.tgz",
            "integrity": "sha512-aK9jxMypeSrhiYofWWBf/T7O+KwaiAHzM4sveCdWPn71lzUSMimRnKzhXDKfKwV1kWoBo2P1aGgaIYGLf9/ljw=="
        },
        "ace-builds": {
            "version": "1.4.5",
            "resolved": "https://registry.npmjs.org/ace-builds/-/ace-builds-1.4.5.tgz",
            "integrity": "sha512-wotVzxv5YClvwOjiuXNyGm4j/CnKoFIoTnnXNmi1nTHjr7hXMMjQeytcnbFua4thaJ5vvpVEDv0utmjqsrp3Jw==",
            "dev": true
        },
        "ws": {
            "version": "7.5.8",
            "resolved": "https://registry.npmjs.org/ws/-/ws-7.5.8.tgz",
            "integrity": "sha512-ri1Id1WinAX5Jqn9HejiGb8crfRio0Qgu8+MtL36rlTA6RLsMdWt1Az/19A2Qij6uSHUMphEFaTKa4WG+UNHNw==",
            "dev": true
        }
    }
}
