{
    "name": "sparser",
    "version": "1.4.12",
    "lockfileVersion": 1,
    "requires": true,
    "dependencies": {
        "@types/node": {
            "version": "18.11.9",
            "resolved": "https://registry.npmjs.org/@types/node/-/node-18.11.9.tgz",
            "integrity": "sha512-CRpX21/kGdzjOpFsZSkcrXMGIBWMGNIHXXBVFSH+ggkftxg+XYP20TESbh+zFvFj3EQOl5byk0HTRn1IL6hbqg=="
        },
        "ace-builds": {
            "version": "1.4.5",
            "resolved": "https://registry.npmjs.org/ace-builds/-/ace-builds-1.4.5.tgz",
            "integrity": "sha512-wotVzxv5YClvwOjiuXNyGm4j/CnKoFIoTnnXNmi1nTHjr7hXMMjQeytcnbFua4thaJ5vvpVEDv0utmjqsrp3Jw==",
            "dev": true
        },
        "async-limiter": {
            "version": "1.0.1",
            "resolved": "https://registry.npmjs.org/async-limiter/-/async-limiter-1.0.1.tgz",
            "integrity": "sha512-csOlWGAcRFJaI6m+F2WKdnMKr4HhdhFVBk0H/QbJFMCr+uO2kwohwXQPxw/9OCxp05r5ghVBFSyioixx3gfkNQ==",
            "dev": true
        },
        "ws": {
            "version": "7.1.2",
            "resolved": "https://registry.npmjs.org/ws/-/ws-7.1.2.tgz",
            "integrity": "sha512-gftXq3XI81cJCgkUiAVixA0raD9IVmXqsylCrjRygw4+UOOGzPoxnQ6r/CnVL9i+mDncJo94tSkyrtuuQVBmrg==",
            "dev": true,
            "requires": {
                "async-limiter": "^1.0.0"
            }
        }
    }
}
