{
    "name": "parse-framework",
    "version": "2.3.22",
    "lockfileVersion": 1,
    "requires": true,
    "dependencies": {
        "@types/node": {
            "version": "10.12.15",
            "resolved": "https://registry.npmjs.org/@types/node/-/node-10.12.15.tgz",
            "integrity": "sha512-9kROxduaN98QghwwHmxXO2Xz3MaWf+I1sLVAA6KJDF5xix+IyXVhds0MAfdNwtcpSrzhaTsNB0/jnL86fgUhqA=="
        },
        "ace-builds": {
            "version": "1.4.2",
            "resolved": "https://registry.npmjs.org/ace-builds/-/ace-builds-1.4.2.tgz",
            "integrity": "sha512-M1JtZctO2Zg+1qeGUFZXtYKsyaRptqQtqpVzlj80I0NzGW9MF3um0DBuizIvQlrPYUlTdm+wcOPZpZoerkxQdA==",
            "dev": true
        },
        "async-limiter": {
            "version": "1.0.0",
            "resolved": "https://registry.npmjs.org/async-limiter/-/async-limiter-1.0.0.tgz",
            "integrity": "sha512-jp/uFnooOiO+L211eZOoSyzpOITMXx1rBITauYykG3BRYPu8h0UcxsPNB04RR5vo4Tyz3+ay17tR6JVf9qzYWg==",
            "dev": true
        },
        "ws": {
            "version": "6.1.2",
            "resolved": "https://registry.npmjs.org/ws/-/ws-6.1.2.tgz",
            "integrity": "sha512-rfUqzvz0WxmSXtJpPMX2EeASXabOrSMk1ruMOV3JBTBjo4ac2lDjGGsbQSyxj8Odhw5fBib8ZKEjDNvgouNKYw==",
            "dev": true,
            "requires": {
                "async-limiter": "~1.0.0"
            }
        }
    }
}
